// !$*UTF8*$!
{
	archiveVersion = 1;
	classes = {
	};
	objectVersion = 56;
	objects = {

/* Begin PBXBuildFile section */
		8299AF6155ECFB3E2D59AD92 /* Pods_Televi.framework in Frameworks */ = {isa = PBXBuildFile; fileRef = 520EB4D510EA411260D8AD19 /* Pods_Televi.framework */; };
		F91130A6299493B600480E0F /* AppDelegate.swift in Sources */ = {isa = PBXBuildFile; fileRef = F91130A5299493B600480E0F /* AppDelegate.swift */; };
		F91130A8299493B600480E0F /* SceneDelegate.swift in Sources */ = {isa = PBXBuildFile; fileRef = F91130A7299493B600480E0F /* SceneDelegate.swift */; };
		F91130AA299493B600480E0F /* MoviesViewController.swift in Sources */ = {isa = PBXBuildFile; fileRef = F91130A9299493B600480E0F /* MoviesViewController.swift */; };
		F91130AD299493B600480E0F /* Main.storyboard in Resources */ = {isa = PBXBuildFile; fileRef = F91130AB299493B600480E0F /* Main.storyboard */; };
		F91130AF299493B900480E0F /* Assets.xcassets in Resources */ = {isa = PBXBuildFile; fileRef = F91130AE299493B900480E0F /* Assets.xcassets */; };
		F91130B2299493B900480E0F /* LaunchScreen.storyboard in Resources */ = {isa = PBXBuildFile; fileRef = F91130B0299493B900480E0F /* LaunchScreen.storyboard */; };
		F91130BA299496CF00480E0F /* MovieInformationViewController.swift in Sources */ = {isa = PBXBuildFile; fileRef = F91130B9299496CF00480E0F /* MovieInformationViewController.swift */; };
		F920BD5129AE5B620083764C /* MovieInformationView.swift in Sources */ = {isa = PBXBuildFile; fileRef = F920BD5029AE5B620083764C /* MovieInformationView.swift */; };
		F920BD5529AE5D2A0083764C /* LoadingView.swift in Sources */ = {isa = PBXBuildFile; fileRef = F920BD5429AE5D2A0083764C /* LoadingView.swift */; };
		F920BD5829AFCE1E0083764C /* Coordinator.swift in Sources */ = {isa = PBXBuildFile; fileRef = F920BD5729AFCE1E0083764C /* Coordinator.swift */; };
		F920BD5A29AFCED50083764C /* Storyboarded.swift in Sources */ = {isa = PBXBuildFile; fileRef = F920BD5929AFCED50083764C /* Storyboarded.swift */; };
		F920BD5C29AFD3390083764C /* MainCoordinator.swift in Sources */ = {isa = PBXBuildFile; fileRef = F920BD5B29AFD3390083764C /* MainCoordinator.swift */; };
		F936441029ABA28A0062C374 /* MoviesPresenter.swift in Sources */ = {isa = PBXBuildFile; fileRef = F936440F29ABA28A0062C374 /* MoviesPresenter.swift */; };
		F936441229ABA29B0062C374 /* MovieInformationPresenter.swift in Sources */ = {isa = PBXBuildFile; fileRef = F936441129ABA29B0062C374 /* MovieInformationPresenter.swift */; };
		F93BC596299FF5160079735C /* TeleviRepository.swift in Sources */ = {isa = PBXBuildFile; fileRef = F93BC595299FF5160079735C /* TeleviRepository.swift */; };
		F96B8A01299E9F4C00951CEA /* MovieRM.swift in Sources */ = {isa = PBXBuildFile; fileRef = F96B8A00299E9F4C00951CEA /* MovieRM.swift */; };
		F96B8A03299E9F7100951CEA /* MovieInformationRM.swift in Sources */ = {isa = PBXBuildFile; fileRef = F96B8A02299E9F7100951CEA /* MovieInformationRM.swift */; };
		F96B8A08299EA0D400951CEA /* RemoteToDomain.swift in Sources */ = {isa = PBXBuildFile; fileRef = F96B8A07299EA0D400951CEA /* RemoteToDomain.swift */; };
		F96B8A0F299EA18500951CEA /* TeleviRDS.swift in Sources */ = {isa = PBXBuildFile; fileRef = F96B8A0E299EA18500951CEA /* TeleviRDS.swift */; };
		F9C15B722995E295003E4CD9 /* Movie.swift in Sources */ = {isa = PBXBuildFile; fileRef = F9C15B712995E295003E4CD9 /* Movie.swift */; };
		F9E4BC962996A4F4005C7B65 /* MovieCollectionViewCell.swift in Sources */ = {isa = PBXBuildFile; fileRef = F9E4BC952996A4F4005C7B65 /* MovieCollectionViewCell.swift */; };
		F9E4BC982996B8DD005C7B65 /* MovieInformation.swift in Sources */ = {isa = PBXBuildFile; fileRef = F9E4BC972996B8DD005C7B65 /* MovieInformation.swift */; };
		F9FC4C3A2994A26800B9FF4E /* FavoriteMoviesViewController.swift in Sources */ = {isa = PBXBuildFile; fileRef = F9FC4C392994A26800B9FF4E /* FavoriteMoviesViewController.swift */; };
/* End PBXBuildFile section */

/* Begin PBXCopyFilesBuildPhase section */
		F9E5239629CB7DE900EF4046 /* Embed Frameworks */ = {
			isa = PBXCopyFilesBuildPhase;
			buildActionMask = 2147483647;
			dstPath = "";
			dstSubfolderSpec = 10;
			files = (
			);
			name = "Embed Frameworks";
			runOnlyForDeploymentPostprocessing = 0;
		};
/* End PBXCopyFilesBuildPhase section */

/* Begin PBXFileReference section */
		520EB4D510EA411260D8AD19 /* Pods_Televi.framework */ = {isa = PBXFileReference; explicitFileType = wrapper.framework; includeInIndex = 0; path = Pods_Televi.framework; sourceTree = BUILT_PRODUCTS_DIR; };
		95E73B7D539B66F10151883D /* Pods-Televi.release.xcconfig */ = {isa = PBXFileReference; includeInIndex = 1; lastKnownFileType = text.xcconfig; name = "Pods-Televi.release.xcconfig"; path = "Target Support Files/Pods-Televi/Pods-Televi.release.xcconfig"; sourceTree = "<group>"; };
		9FB1EB4B209B3E921D41CF67 /* Pods-Televi.debug.xcconfig */ = {isa = PBXFileReference; includeInIndex = 1; lastKnownFileType = text.xcconfig; name = "Pods-Televi.debug.xcconfig"; path = "Target Support Files/Pods-Televi/Pods-Televi.debug.xcconfig"; sourceTree = "<group>"; };
		F91130A2299493B600480E0F /* Televi.app */ = {isa = PBXFileReference; explicitFileType = wrapper.application; includeInIndex = 0; path = Televi.app; sourceTree = BUILT_PRODUCTS_DIR; };
		F91130A5299493B600480E0F /* AppDelegate.swift */ = {isa = PBXFileReference; lastKnownFileType = sourcecode.swift; path = AppDelegate.swift; sourceTree = "<group>"; };
		F91130A7299493B600480E0F /* SceneDelegate.swift */ = {isa = PBXFileReference; lastKnownFileType = sourcecode.swift; path = SceneDelegate.swift; sourceTree = "<group>"; };
		F91130A9299493B600480E0F /* MoviesViewController.swift */ = {isa = PBXFileReference; lastKnownFileType = sourcecode.swift; path = MoviesViewController.swift; sourceTree = "<group>"; };
		F91130AC299493B600480E0F /* Base */ = {isa = PBXFileReference; lastKnownFileType = file.storyboard; name = Base; path = Base.lproj/Main.storyboard; sourceTree = "<group>"; };
		F91130AE299493B900480E0F /* Assets.xcassets */ = {isa = PBXFileReference; lastKnownFileType = folder.assetcatalog; path = Assets.xcassets; sourceTree = "<group>"; };
		F91130B1299493B900480E0F /* Base */ = {isa = PBXFileReference; lastKnownFileType = file.storyboard; name = Base; path = Base.lproj/LaunchScreen.storyboard; sourceTree = "<group>"; };
		F91130B3299493B900480E0F /* Info.plist */ = {isa = PBXFileReference; lastKnownFileType = text.plist.xml; path = Info.plist; sourceTree = "<group>"; };
		F91130B9299496CF00480E0F /* MovieInformationViewController.swift */ = {isa = PBXFileReference; lastKnownFileType = sourcecode.swift; path = MovieInformationViewController.swift; sourceTree = "<group>"; };
		F920BD5029AE5B620083764C /* MovieInformationView.swift */ = {isa = PBXFileReference; fileEncoding = 4; lastKnownFileType = sourcecode.swift; path = MovieInformationView.swift; sourceTree = "<group>"; };
		F920BD5429AE5D2A0083764C /* LoadingView.swift */ = {isa = PBXFileReference; lastKnownFileType = sourcecode.swift; path = LoadingView.swift; sourceTree = "<group>"; };
		F920BD5729AFCE1E0083764C /* Coordinator.swift */ = {isa = PBXFileReference; lastKnownFileType = sourcecode.swift; path = Coordinator.swift; sourceTree = "<group>"; };
		F920BD5929AFCED50083764C /* Storyboarded.swift */ = {isa = PBXFileReference; lastKnownFileType = sourcecode.swift; path = Storyboarded.swift; sourceTree = "<group>"; };
		F920BD5B29AFD3390083764C /* MainCoordinator.swift */ = {isa = PBXFileReference; lastKnownFileType = sourcecode.swift; path = MainCoordinator.swift; sourceTree = "<group>"; };
		F936440F29ABA28A0062C374 /* MoviesPresenter.swift */ = {isa = PBXFileReference; lastKnownFileType = sourcecode.swift; path = MoviesPresenter.swift; sourceTree = "<group>"; };
		F936441129ABA29B0062C374 /* MovieInformationPresenter.swift */ = {isa = PBXFileReference; lastKnownFileType = sourcecode.swift; path = MovieInformationPresenter.swift; sourceTree = "<group>"; };
		F93BC595299FF5160079735C /* TeleviRepository.swift */ = {isa = PBXFileReference; lastKnownFileType = sourcecode.swift; path = TeleviRepository.swift; sourceTree = "<group>"; };
		F953EB9529C3DDF0005ECA07 /* RxSwiftExplanation.md */ = {isa = PBXFileReference; lastKnownFileType = net.daringfireball.markdown; path = RxSwiftExplanation.md; sourceTree = "<group>"; };
		F96B8A00299E9F4C00951CEA /* MovieRM.swift */ = {isa = PBXFileReference; lastKnownFileType = sourcecode.swift; path = MovieRM.swift; sourceTree = "<group>"; };
		F96B8A02299E9F7100951CEA /* MovieInformationRM.swift */ = {isa = PBXFileReference; lastKnownFileType = sourcecode.swift; path = MovieInformationRM.swift; sourceTree = "<group>"; };
		F96B8A07299EA0D400951CEA /* RemoteToDomain.swift */ = {isa = PBXFileReference; lastKnownFileType = sourcecode.swift; path = RemoteToDomain.swift; sourceTree = "<group>"; };
		F96B8A0E299EA18500951CEA /* TeleviRDS.swift */ = {isa = PBXFileReference; lastKnownFileType = sourcecode.swift; path = TeleviRDS.swift; sourceTree = "<group>"; };
		F9C15B712995E295003E4CD9 /* Movie.swift */ = {isa = PBXFileReference; lastKnownFileType = sourcecode.swift; path = Movie.swift; sourceTree = "<group>"; };
		F9E4BC952996A4F4005C7B65 /* MovieCollectionViewCell.swift */ = {isa = PBXFileReference; lastKnownFileType = sourcecode.swift; path = MovieCollectionViewCell.swift; sourceTree = "<group>"; };
		F9E4BC972996B8DD005C7B65 /* MovieInformation.swift */ = {isa = PBXFileReference; lastKnownFileType = sourcecode.swift; path = MovieInformation.swift; sourceTree = "<group>"; };
		F9FC4C392994A26800B9FF4E /* FavoriteMoviesViewController.swift */ = {isa = PBXFileReference; lastKnownFileType = sourcecode.swift; path = FavoriteMoviesViewController.swift; sourceTree = "<group>"; };
/* End PBXFileReference section */

/* Begin PBXFrameworksBuildPhase section */
		F911309F299493B600480E0F /* Frameworks */ = {
			isa = PBXFrameworksBuildPhase;
			buildActionMask = 2147483647;
			files = (
				8299AF6155ECFB3E2D59AD92 /* Pods_Televi.framework in Frameworks */,
			);
			runOnlyForDeploymentPostprocessing = 0;
		};
/* End PBXFrameworksBuildPhase section */

/* Begin PBXGroup section */
		79C94E8F26118040AF4A5205 /* Pods */ = {
			isa = PBXGroup;
			children = (
				9FB1EB4B209B3E921D41CF67 /* Pods-Televi.debug.xcconfig */,
				95E73B7D539B66F10151883D /* Pods-Televi.release.xcconfig */,
			);
			path = Pods;
			sourceTree = "<group>";
		};
		E227965303008B9015B88551 /* Frameworks */ = {
			isa = PBXGroup;
			children = (
				520EB4D510EA411260D8AD19 /* Pods_Televi.framework */,
			);
			name = Frameworks;
			sourceTree = "<group>";
		};
		F9113099299493B600480E0F = {
			isa = PBXGroup;
			children = (
				F91130A4299493B600480E0F /* Televi */,
				F91130A3299493B600480E0F /* Products */,
				79C94E8F26118040AF4A5205 /* Pods */,
				E227965303008B9015B88551 /* Frameworks */,
			);
			sourceTree = "<group>";
		};
		F91130A3299493B600480E0F /* Products */ = {
			isa = PBXGroup;
			children = (
				F91130A2299493B600480E0F /* Televi.app */,
			);
			name = Products;
			sourceTree = "<group>";
		};
		F91130A4299493B600480E0F /* Televi */ = {
			isa = PBXGroup;
			children = (
				F920BD5229AE5D0F0083764C /* Common */,
				F936440D29ABA2400062C374 /* Presenters */,
				F96B8A04299E9F9D00951CEA /* Data */,
				F91130A7299493B600480E0F /* SceneDelegate.swift */,
				F91130A5299493B600480E0F /* AppDelegate.swift */,
				F9E5BC9B299C235900458379 /* Models */,
				F9E5BC9D299C23A500458379 /* Views */,
				F9E5BC9F299C249000458379 /* Controllers */,
				F9E5BCA0299C250900458379 /* Resources */,
				F9E5BCA1299C253900458379 /* Supporting Files */,
			);
			path = Televi;
			sourceTree = "<group>";
		};
		F920BD5229AE5D0F0083764C /* Common */ = {
			isa = PBXGroup;
			children = (
				F920BD5629AFCC1A0083764C /* Coordinators */,
				F920BD5329AE5D190083764C /* Components */,
			);
			path = Common;
			sourceTree = "<group>";
		};
		F920BD5329AE5D190083764C /* Components */ = {
			isa = PBXGroup;
			children = (
				F920BD5429AE5D2A0083764C /* LoadingView.swift */,
			);
			path = Components;
			sourceTree = "<group>";
		};
		F920BD5629AFCC1A0083764C /* Coordinators */ = {
			isa = PBXGroup;
			children = (
				F920BD5729AFCE1E0083764C /* Coordinator.swift */,
				F920BD5929AFCED50083764C /* Storyboarded.swift */,
				F920BD5B29AFD3390083764C /* MainCoordinator.swift */,
			);
			path = Coordinators;
			sourceTree = "<group>";
		};
		F936440D29ABA2400062C374 /* Presenters */ = {
			isa = PBXGroup;
			children = (
				F936440F29ABA28A0062C374 /* MoviesPresenter.swift */,
				F936441129ABA29B0062C374 /* MovieInformationPresenter.swift */,
			);
			path = Presenters;
			sourceTree = "<group>";
		};
		F93BC594299FEA210079735C /* Repository */ = {
			isa = PBXGroup;
			children = (
				F93BC595299FF5160079735C /* TeleviRepository.swift */,
			);
			path = Repository;
			sourceTree = "<group>";
		};
		F96B8A04299E9F9D00951CEA /* Data */ = {
			isa = PBXGroup;
			children = (
				F93BC594299FEA210079735C /* Repository */,
				F96B8A06299E9FC400951CEA /* Mapper */,
				F96B8A05299E9FA300951CEA /* Remote */,
			);
			path = Data;
			sourceTree = "<group>";
		};
		F96B8A05299E9FA300951CEA /* Remote */ = {
			isa = PBXGroup;
			children = (
				F96B8A09299EA0E600951CEA /* Models */,
				F96B8A0E299EA18500951CEA /* TeleviRDS.swift */,
			);
			path = Remote;
			sourceTree = "<group>";
		};
		F96B8A06299E9FC400951CEA /* Mapper */ = {
			isa = PBXGroup;
			children = (
				F96B8A07299EA0D400951CEA /* RemoteToDomain.swift */,
			);
			path = Mapper;
			sourceTree = "<group>";
		};
		F96B8A09299EA0E600951CEA /* Models */ = {
			isa = PBXGroup;
			children = (
				F96B8A00299E9F4C00951CEA /* MovieRM.swift */,
				F96B8A02299E9F7100951CEA /* MovieInformationRM.swift */,
			);
			path = Models;
			sourceTree = "<group>";
		};
		F9E5BC9B299C235900458379 /* Models */ = {
			isa = PBXGroup;
			children = (
				F9E4BC972996B8DD005C7B65 /* MovieInformation.swift */,
				F9C15B712995E295003E4CD9 /* Movie.swift */,
			);
			path = Models;
			sourceTree = "<group>";
		};
		F9E5BC9D299C23A500458379 /* Views */ = {
			isa = PBXGroup;
			children = (
				F920BD5029AE5B620083764C /* MovieInformationView.swift */,
				F9E5BC9E299C23B200458379 /* Cells */,
			);
			path = Views;
			sourceTree = "<group>";
		};
		F9E5BC9E299C23B200458379 /* Cells */ = {
			isa = PBXGroup;
			children = (
				F9E4BC952996A4F4005C7B65 /* MovieCollectionViewCell.swift */,
			);
			path = Cells;
			sourceTree = "<group>";
		};
		F9E5BC9F299C249000458379 /* Controllers */ = {
			isa = PBXGroup;
			children = (
				F91130A9299493B600480E0F /* MoviesViewController.swift */,
				F91130B9299496CF00480E0F /* MovieInformationViewController.swift */,
				F9FC4C392994A26800B9FF4E /* FavoriteMoviesViewController.swift */,
			);
			path = Controllers;
			sourceTree = "<group>";
		};
		F9E5BCA0299C250900458379 /* Resources */ = {
			isa = PBXGroup;
			children = (
				F91130B0299493B900480E0F /* LaunchScreen.storyboard */,
				F91130AB299493B600480E0F /* Main.storyboard */,
				F91130AE299493B900480E0F /* Assets.xcassets */,
			);
			path = Resources;
			sourceTree = "<group>";
		};
		F9E5BCA1299C253900458379 /* Supporting Files */ = {
			isa = PBXGroup;
			children = (
				F91130B3299493B900480E0F /* Info.plist */,
				F953EB9529C3DDF0005ECA07 /* RxSwiftExplanation.md */,
			);
			path = "Supporting Files";
			sourceTree = "<group>";
		};
/* End PBXGroup section */

/* Begin PBXNativeTarget section */
		F91130A1299493B600480E0F /* Televi */ = {
			isa = PBXNativeTarget;
			buildConfigurationList = F91130B6299493B900480E0F /* Build configuration list for PBXNativeTarget "Televi" */;
			buildPhases = (
				CB728AEFBEB5D7D12E2DE444 /* [CP] Check Pods Manifest.lock */,
				F911309E299493B600480E0F /* Sources */,
				F911309F299493B600480E0F /* Frameworks */,
				F91130A0299493B600480E0F /* Resources */,
				80598706EE794E0E6158B24D /* [CP] Embed Pods Frameworks */,
				F9E5239629CB7DE900EF4046 /* Embed Frameworks */,
			);
			buildRules = (
			);
			dependencies = (
			);
			name = Televi;
			packageProductDependencies = (
			);
			productName = Televi;
			productReference = F91130A2299493B600480E0F /* Televi.app */;
			productType = "com.apple.product-type.application";
		};
/* End PBXNativeTarget section */

/* Begin PBXProject section */
		F911309A299493B600480E0F /* Project object */ = {
			isa = PBXProject;
			attributes = {
				BuildIndependentTargetsInParallel = 1;
				LastSwiftUpdateCheck = 1420;
				LastUpgradeCheck = 1420;
				TargetAttributes = {
					F91130A1299493B600480E0F = {
						CreatedOnToolsVersion = 14.2;
					};
				};
			};
			buildConfigurationList = F911309D299493B600480E0F /* Build configuration list for PBXProject "Televi" */;
			compatibilityVersion = "Xcode 14.0";
			developmentRegion = en;
			hasScannedForEncodings = 0;
			knownRegions = (
				en,
				Base,
			);
			mainGroup = F9113099299493B600480E0F;
			packageReferences = (
			);
			productRefGroup = F91130A3299493B600480E0F /* Products */;
			projectDirPath = "";
			projectRoot = "";
			targets = (
				F91130A1299493B600480E0F /* Televi */,
			);
		};
/* End PBXProject section */

/* Begin PBXResourcesBuildPhase section */
		F91130A0299493B600480E0F /* Resources */ = {
			isa = PBXResourcesBuildPhase;
			buildActionMask = 2147483647;
			files = (
				F91130B2299493B900480E0F /* LaunchScreen.storyboard in Resources */,
				F91130AF299493B900480E0F /* Assets.xcassets in Resources */,
				F91130AD299493B600480E0F /* Main.storyboard in Resources */,
			);
			runOnlyForDeploymentPostprocessing = 0;
		};
/* End PBXResourcesBuildPhase section */

/* Begin PBXShellScriptBuildPhase section */
		80598706EE794E0E6158B24D /* [CP] Embed Pods Frameworks */ = {
			isa = PBXShellScriptBuildPhase;
			buildActionMask = 2147483647;
			files = (
			);
			inputFileListPaths = (
				"${PODS_ROOT}/Target Support Files/Pods-Televi/Pods-Televi-frameworks-${CONFIGURATION}-input-files.xcfilelist",
			);
			name = "[CP] Embed Pods Frameworks";
			outputFileListPaths = (
				"${PODS_ROOT}/Target Support Files/Pods-Televi/Pods-Televi-frameworks-${CONFIGURATION}-output-files.xcfilelist",
			);
			runOnlyForDeploymentPostprocessing = 0;
			shellPath = /bin/sh;
			shellScript = "\"${PODS_ROOT}/Target Support Files/Pods-Televi/Pods-Televi-frameworks.sh\"\n";
			showEnvVarsInLog = 0;
		};
		CB728AEFBEB5D7D12E2DE444 /* [CP] Check Pods Manifest.lock */ = {
			isa = PBXShellScriptBuildPhase;
			buildActionMask = 2147483647;
			files = (
			);
			inputFileListPaths = (
			);
			inputPaths = (
				"${PODS_PODFILE_DIR_PATH}/Podfile.lock",
				"${PODS_ROOT}/Manifest.lock",
			);
			name = "[CP] Check Pods Manifest.lock";
			outputFileListPaths = (
			);
			outputPaths = (
				"$(DERIVED_FILE_DIR)/Pods-Televi-checkManifestLockResult.txt",
			);
			runOnlyForDeploymentPostprocessing = 0;
			shellPath = /bin/sh;
			shellScript = "diff \"${PODS_PODFILE_DIR_PATH}/Podfile.lock\" \"${PODS_ROOT}/Manifest.lock\" > /dev/null\nif [ $? != 0 ] ; then\n    # print error to STDERR\n    echo \"error: The sandbox is not in sync with the Podfile.lock. Run 'pod install' or update your CocoaPods installation.\" >&2\n    exit 1\nfi\n# This output is used by Xcode 'outputs' to avoid re-running this script phase.\necho \"SUCCESS\" > \"${SCRIPT_OUTPUT_FILE_0}\"\n";
			showEnvVarsInLog = 0;
		};
/* End PBXShellScriptBuildPhase section */

/* Begin PBXSourcesBuildPhase section */
		F911309E299493B600480E0F /* Sources */ = {
			isa = PBXSourcesBuildPhase;
			buildActionMask = 2147483647;
			files = (
				F91130BA299496CF00480E0F /* MovieInformationViewController.swift in Sources */,
				F936441229ABA29B0062C374 /* MovieInformationPresenter.swift in Sources */,
				F93BC596299FF5160079735C /* TeleviRepository.swift in Sources */,
				F91130AA299493B600480E0F /* MoviesViewController.swift in Sources */,
				F96B8A01299E9F4C00951CEA /* MovieRM.swift in Sources */,
				F9C15B722995E295003E4CD9 /* Movie.swift in Sources */,
				F920BD5129AE5B620083764C /* MovieInformationView.swift in Sources */,
				F96B8A0F299EA18500951CEA /* TeleviRDS.swift in Sources */,
				F920BD5829AFCE1E0083764C /* Coordinator.swift in Sources */,
				F9FC4C3A2994A26800B9FF4E /* FavoriteMoviesViewController.swift in Sources */,
				F936441029ABA28A0062C374 /* MoviesPresenter.swift in Sources */,
				F9E4BC962996A4F4005C7B65 /* MovieCollectionViewCell.swift in Sources */,
				F91130A6299493B600480E0F /* AppDelegate.swift in Sources */,
				F920BD5C29AFD3390083764C /* MainCoordinator.swift in Sources */,
				F91130A8299493B600480E0F /* SceneDelegate.swift in Sources */,
				F96B8A08299EA0D400951CEA /* RemoteToDomain.swift in Sources */,
				F96B8A03299E9F7100951CEA /* MovieInformationRM.swift in Sources */,
				F9E4BC982996B8DD005C7B65 /* MovieInformation.swift in Sources */,
				F920BD5A29AFCED50083764C /* Storyboarded.swift in Sources */,
				F920BD5529AE5D2A0083764C /* LoadingView.swift in Sources */,
			);
			runOnlyForDeploymentPostprocessing = 0;
		};
/* End PBXSourcesBuildPhase section */

/* Begin PBXVariantGroup section */
		F91130AB299493B600480E0F /* Main.storyboard */ = {
			isa = PBXVariantGroup;
			children = (
				F91130AC299493B600480E0F /* Base */,
			);
			name = Main.storyboard;
			sourceTree = "<group>";
		};
		F91130B0299493B900480E0F /* LaunchScreen.storyboard */ = {
			isa = PBXVariantGroup;
			children = (
				F91130B1299493B900480E0F /* Base */,
			);
			name = LaunchScreen.storyboard;
			sourceTree = "<group>";
		};
/* End PBXVariantGroup section */

/* Begin XCBuildConfiguration section */
		F91130B4299493B900480E0F /* Debug */ = {
			isa = XCBuildConfiguration;
			buildSettings = {
				ALWAYS_SEARCH_USER_PATHS = NO;
				CLANG_ANALYZER_NONNULL = YES;
				CLANG_ANALYZER_NUMBER_OBJECT_CONVERSION = YES_AGGRESSIVE;
				CLANG_CXX_LANGUAGE_STANDARD = "gnu++20";
				CLANG_ENABLE_MODULES = YES;
				CLANG_ENABLE_OBJC_ARC = YES;
				CLANG_ENABLE_OBJC_WEAK = YES;
				CLANG_WARN_BLOCK_CAPTURE_AUTORELEASING = YES;
				CLANG_WARN_BOOL_CONVERSION = YES;
				CLANG_WARN_COMMA = YES;
				CLANG_WARN_CONSTANT_CONVERSION = YES;
				CLANG_WARN_DEPRECATED_OBJC_IMPLEMENTATIONS = YES;
				CLANG_WARN_DIRECT_OBJC_ISA_USAGE = YES_ERROR;
				CLANG_WARN_DOCUMENTATION_COMMENTS = YES;
				CLANG_WARN_EMPTY_BODY = YES;
				CLANG_WARN_ENUM_CONVERSION = YES;
				CLANG_WARN_INFINITE_RECURSION = YES;
				CLANG_WARN_INT_CONVERSION = YES;
				CLANG_WARN_NON_LITERAL_NULL_CONVERSION = YES;
				CLANG_WARN_OBJC_IMPLICIT_RETAIN_SELF = YES;
				CLANG_WARN_OBJC_LITERAL_CONVERSION = YES;
				CLANG_WARN_OBJC_ROOT_CLASS = YES_ERROR;
				CLANG_WARN_QUOTED_INCLUDE_IN_FRAMEWORK_HEADER = YES;
				CLANG_WARN_RANGE_LOOP_ANALYSIS = YES;
				CLANG_WARN_STRICT_PROTOTYPES = YES;
				CLANG_WARN_SUSPICIOUS_MOVE = YES;
				CLANG_WARN_UNGUARDED_AVAILABILITY = YES_AGGRESSIVE;
				CLANG_WARN_UNREACHABLE_CODE = YES;
				CLANG_WARN__DUPLICATE_METHOD_MATCH = YES;
				COPY_PHASE_STRIP = NO;
				DEBUG_INFORMATION_FORMAT = dwarf;
				ENABLE_STRICT_OBJC_MSGSEND = YES;
				ENABLE_TESTABILITY = YES;
				GCC_C_LANGUAGE_STANDARD = gnu11;
				GCC_DYNAMIC_NO_PIC = NO;
				GCC_NO_COMMON_BLOCKS = YES;
				GCC_OPTIMIZATION_LEVEL = 0;
				GCC_PREPROCESSOR_DEFINITIONS = (
					"DEBUG=1",
					"$(inherited)",
				);
				GCC_WARN_64_TO_32_BIT_CONVERSION = YES;
				GCC_WARN_ABOUT_RETURN_TYPE = YES_ERROR;
				GCC_WARN_UNDECLARED_SELECTOR = YES;
				GCC_WARN_UNINITIALIZED_AUTOS = YES_AGGRESSIVE;
				GCC_WARN_UNUSED_FUNCTION = YES;
				GCC_WARN_UNUSED_VARIABLE = YES;
				IPHONEOS_DEPLOYMENT_TARGET = 16.2;
				MTL_ENABLE_DEBUG_INFO = INCLUDE_SOURCE;
				MTL_FAST_MATH = YES;
				ONLY_ACTIVE_ARCH = YES;
				SDKROOT = iphoneos;
				SWIFT_ACTIVE_COMPILATION_CONDITIONS = DEBUG;
				SWIFT_OPTIMIZATION_LEVEL = "-Onone";
			};
			name = Debug;
		};
		F91130B5299493B900480E0F /* Release */ = {
			isa = XCBuildConfiguration;
			buildSettings = {
				ALWAYS_SEARCH_USER_PATHS = NO;
				CLANG_ANALYZER_NONNULL = YES;
				CLANG_ANALYZER_NUMBER_OBJECT_CONVERSION = YES_AGGRESSIVE;
				CLANG_CXX_LANGUAGE_STANDARD = "gnu++20";
				CLANG_ENABLE_MODULES = YES;
				CLANG_ENABLE_OBJC_ARC = YES;
				CLANG_ENABLE_OBJC_WEAK = YES;
				CLANG_WARN_BLOCK_CAPTURE_AUTORELEASING = YES;
				CLANG_WARN_BOOL_CONVERSION = YES;
				CLANG_WARN_COMMA = YES;
				CLANG_WARN_CONSTANT_CONVERSION = YES;
				CLANG_WARN_DEPRECATED_OBJC_IMPLEMENTATIONS = YES;
				CLANG_WARN_DIRECT_OBJC_ISA_USAGE = YES_ERROR;
				CLANG_WARN_DOCUMENTATION_COMMENTS = YES;
				CLANG_WARN_EMPTY_BODY = YES;
				CLANG_WARN_ENUM_CONVERSION = YES;
				CLANG_WARN_INFINITE_RECURSION = YES;
				CLANG_WARN_INT_CONVERSION = YES;
				CLANG_WARN_NON_LITERAL_NULL_CONVERSION = YES;
				CLANG_WARN_OBJC_IMPLICIT_RETAIN_SELF = YES;
				CLANG_WARN_OBJC_LITERAL_CONVERSION = YES;
				CLANG_WARN_OBJC_ROOT_CLASS = YES_ERROR;
				CLANG_WARN_QUOTED_INCLUDE_IN_FRAMEWORK_HEADER = YES;
				CLANG_WARN_RANGE_LOOP_ANALYSIS = YES;
				CLANG_WARN_STRICT_PROTOTYPES = YES;
				CLANG_WARN_SUSPICIOUS_MOVE = YES;
				CLANG_WARN_UNGUARDED_AVAILABILITY = YES_AGGRESSIVE;
				CLANG_WARN_UNREACHABLE_CODE = YES;
				CLANG_WARN__DUPLICATE_METHOD_MATCH = YES;
				COPY_PHASE_STRIP = NO;
				DEBUG_INFORMATION_FORMAT = "dwarf-with-dsym";
				ENABLE_NS_ASSERTIONS = NO;
				ENABLE_STRICT_OBJC_MSGSEND = YES;
				GCC_C_LANGUAGE_STANDARD = gnu11;
				GCC_NO_COMMON_BLOCKS = YES;
				GCC_WARN_64_TO_32_BIT_CONVERSION = YES;
				GCC_WARN_ABOUT_RETURN_TYPE = YES_ERROR;
				GCC_WARN_UNDECLARED_SELECTOR = YES;
				GCC_WARN_UNINITIALIZED_AUTOS = YES_AGGRESSIVE;
				GCC_WARN_UNUSED_FUNCTION = YES;
				GCC_WARN_UNUSED_VARIABLE = YES;
				INFOPLIST_KEY_UIMainStoryboardFile = Main;
				IPHONEOS_DEPLOYMENT_TARGET = 16.2;
				MTL_ENABLE_DEBUG_INFO = NO;
				MTL_FAST_MATH = YES;
				SDKROOT = iphoneos;
				SWIFT_COMPILATION_MODE = wholemodule;
				SWIFT_OPTIMIZATION_LEVEL = "-O";
				VALIDATE_PRODUCT = YES;
			};
			name = Release;
		};
		F91130B7299493B900480E0F /* Debug */ = {
			isa = XCBuildConfiguration;
			baseConfigurationReference = 9FB1EB4B209B3E921D41CF67 /* Pods-Televi.debug.xcconfig */;
			buildSettings = {
				ASSETCATALOG_COMPILER_APPICON_NAME = AppIcon;
				ASSETCATALOG_COMPILER_GLOBAL_ACCENT_COLOR_NAME = AccentColor;
				CODE_SIGN_STYLE = Automatic;
				CURRENT_PROJECT_VERSION = 1;
				DEVELOPMENT_TEAM = 82LT53RNW9;
				GENERATE_INFOPLIST_FILE = YES;
				INFOPLIST_FILE = "Televi/Supporting Files/Info.plist";
				INFOPLIST_KEY_UIApplicationSupportsIndirectInputEvents = YES;
				INFOPLIST_KEY_UILaunchStoryboardName = LaunchScreen;
				INFOPLIST_KEY_UIMainStoryboardFile = Main;
				INFOPLIST_KEY_UISupportedInterfaceOrientations_iPad = "UIInterfaceOrientationPortrait UIInterfaceOrientationPortraitUpsideDown UIInterfaceOrientationLandscapeLeft UIInterfaceOrientationLandscapeRight";
				INFOPLIST_KEY_UISupportedInterfaceOrientations_iPhone = "UIInterfaceOrientationPortrait UIInterfaceOrientationLandscapeLeft UIInterfaceOrientationLandscapeRight";
				LD_RUNPATH_SEARCH_PATHS = (
					"$(inherited)",
					"@executable_path/Frameworks",
				);
				MARKETING_VERSION = 1.0;
				PRODUCT_BUNDLE_IDENTIFIER = "Daniel-McCarthy.Televi";
				PRODUCT_NAME = "$(TARGET_NAME)";
				SWIFT_EMIT_LOC_STRINGS = YES;
				SWIFT_VERSION = 5.0;
				TARGETED_DEVICE_FAMILY = "1,2";
			};
			name = Debug;
		};
		F91130B8299493B900480E0F /* Release */ = {
			isa = XCBuildConfiguration;
			baseConfigurationReference = 95E73B7D539B66F10151883D /* Pods-Televi.release.xcconfig */;
			buildSettings = {
				ASSETCATALOG_COMPILER_APPICON_NAME = AppIcon;
				ASSETCATALOG_COMPILER_GLOBAL_ACCENT_COLOR_NAME = AccentColor;
				CODE_SIGN_STYLE = Automatic;
				CURRENT_PROJECT_VERSION = 1;
				DEVELOPMENT_TEAM = 82LT53RNW9;
				GENERATE_INFOPLIST_FILE = YES;
				INFOPLIST_FILE = "Televi/Supporting Files/Info.plist";
				INFOPLIST_KEY_UIApplicationSupportsIndirectInputEvents = YES;
				INFOPLIST_KEY_UILaunchStoryboardName = LaunchScreen;
				INFOPLIST_KEY_UIMainStoryboardFile = Main;
				INFOPLIST_KEY_UISupportedInterfaceOrientations_iPad = "UIInterfaceOrientationPortrait UIInterfaceOrientationPortraitUpsideDown UIInterfaceOrientationLandscapeLeft UIInterfaceOrientationLandscapeRight";
				INFOPLIST_KEY_UISupportedInterfaceOrientations_iPhone = "UIInterfaceOrientationPortrait UIInterfaceOrientationLandscapeLeft UIInterfaceOrientationLandscapeRight";
				LD_RUNPATH_SEARCH_PATHS = (
					"$(inherited)",
					"@executable_path/Frameworks",
				);
				MARKETING_VERSION = 1.0;
				PRODUCT_BUNDLE_IDENTIFIER = "Daniel-McCarthy.Televi";
				PRODUCT_NAME = "$(TARGET_NAME)";
				SWIFT_EMIT_LOC_STRINGS = YES;
				SWIFT_VERSION = 5.0;
				TARGETED_DEVICE_FAMILY = "1,2";
			};
			name = Release;
		};
/* End XCBuildConfiguration section */

/* Begin XCConfigurationList section */
		F911309D299493B600480E0F /* Build configuration list for PBXProject "Televi" */ = {
			isa = XCConfigurationList;
			buildConfigurations = (
				F91130B4299493B900480E0F /* Debug */,
				F91130B5299493B900480E0F /* Release */,
			);
			defaultConfigurationIsVisible = 0;
			defaultConfigurationName = Release;
		};
		F91130B6299493B900480E0F /* Build configuration list for PBXNativeTarget "Televi" */ = {
			isa = XCConfigurationList;
			buildConfigurations = (
				F91130B7299493B900480E0F /* Debug */,
				F91130B8299493B900480E0F /* Release */,
			);
			defaultConfigurationIsVisible = 0;
			defaultConfigurationName = Release;
		};
/* End XCConfigurationList section */
	};
	rootObject = F911309A299493B600480E0F /* Project object */;
}
